
Microsoft Visual Studio Solution File, Format Version 12.00
# Visual Studio 2012
Project("{FAE04EC0-301F-11D3-BF4B-00C04F79EFBC}") = "InteropTester", "InteropTester\InteropTester.csproj", "{DB0EA837-47CF-4FB0-AFB0-C3C8017C61EB}"
EndProject
Project("{FAE04EC0-301F-11D3-BF4B-00C04F79EFBC}") = "LeanIPC", "LeanIPC\LeanIPC.csproj", "{E23C0FCF-E57E-4A08-8EF0-637EE231CE63}"
EndProject
Project("{FAE04EC0-301F-11D3-BF4B-00C04F79EFBC}") = "Unittest", "Unittest\Unittest.csproj", "{FE18DF54-8A7D-493B-A4C0-6B0CCC1BB4EB}"
EndProject
Global
	GlobalSection(SolutionConfigurationPlatforms) = preSolution
		Debug|Any CPU = Debug|Any CPU
		Release|Any CPU = Release|Any CPU
	EndGlobalSection
	GlobalSection(ProjectConfigurationPlatforms) = postSolution
		{DB0EA837-47CF-4FB0-AFB0-C3C8017C61EB}.Debug|Any CPU.ActiveCfg = Debug|Any CPU
		{DB0EA837-47CF-4FB0-AFB0-C3C8017C61EB}.Debug|Any CPU.Build.0 = Debug|Any CPU
		{DB0EA837-47CF-4FB0-AFB0-C3C8017C61EB}.Release|Any CPU.ActiveCfg = Release|Any CPU
		{DB0EA837-47CF-4FB0-AFB0-C3C8017C61EB}.Release|Any CPU.Build.0 = Release|Any CPU
		{E23C0FCF-E57E-4A08-8EF0-637EE231CE63}.Debug|Any CPU.ActiveCfg = Debug|Any CPU
		{E23C0FCF-E57E-4A08-8EF0-637EE231CE63}.Debug|Any CPU.Build.0 = Debug|Any CPU
		{E23C0FCF-E57E-4A08-8EF0-637EE231CE63}.Release|Any CPU.ActiveCfg = Release|Any CPU
		{E23C0FCF-E57E-4A08-8EF0-637EE231CE63}.Release|Any CPU.Build.0 = Release|Any CPU
		{FE18DF54-8A7D-493B-A4C0-6B0CCC1BB4EB}.Debug|Any CPU.ActiveCfg = Debug|Any CPU
		{FE18DF54-8A7D-493B-A4C0-6B0CCC1BB4EB}.Debug|Any CPU.Build.0 = Debug|Any CPU
		{FE18DF54-8A7D-493B-A4C0-6B0CCC1BB4EB}.Release|Any CPU.ActiveCfg = Release|Any CPU
		{FE18DF54-8A7D-493B-A4C0-6B0CCC1BB4EB}.Release|Any CPU.Build.0 = Release|Any CPU
	EndGlobalSection
EndGlobal
